
Microsoft Visual Studio Solution File, Format Version 12.00
# Visual Studio Version 17
VisualStudioVersion = 17.11.35208.52
MinimumVisualStudioVersion = 10.0.40219.1
Project("{FAE04EC0-301F-11D3-BF4B-00C04F79EFBC}") = "DataTypesApp", "DataTypesApp\DataTypesApp.csproj", "{EE6A3210-918C-4FED-98F7-FC8BDC20F7CE}"
EndProject
Global
	GlobalSection(SolutionConfigurationPlatforms) = preSolution
		Debug|Any CPU = Debug|Any CPU
		Release|Any CPU = Release|Any CPU
	EndGlobalSection
	GlobalSection(ProjectConfigurationPlatforms) = postSolution
		{EE6A3210-918C-4FED-98F7-FC8BDC20F7CE}.Debug|Any CPU.ActiveCfg = Debug|Any CPU
		{EE6A3210-918C-4FED-98F7-FC8BDC20F7CE}.Debug|Any CPU.Build.0 = Debug|Any CPU
		{EE6A3210-918C-4FED-98F7-FC8BDC20F7CE}.Release|Any CPU.ActiveCfg = Release|Any CPU
		{EE6A3210-918C-4FED-98F7-FC8BDC20F7CE}.Release|Any CPU.Build.0 = Release|Any CPU
	EndGlobalSection
	GlobalSection(SolutionProperties) = preSolution
		HideSolutionNode = FALSE
	EndGlobalSection
	GlobalSection(ExtensibilityGlobals) = postSolution
		SolutionGuid = {0D078F83-9A17-4867-8090-9564A4DACE31}
	EndGlobalSection
EndGlobal
